// !$*UTF8*$!
{
	archiveVersion = 1;
	classes = {
	};
	objectVersion = 48;
	objects = {

/* Begin PBXBuildFile section */
		0012649C1FEE90F7003B1981 /* voir_tout.storyboard in Resources */ = {isa = PBXBuildFile; fileRef = 0012649B1FEE90F7003B1981 /* voir_tout.storyboard */; };
		004253B71FE44E1B00F28931 /* AppDelegate.swift in Sources */ = {isa = PBXBuildFile; fileRef = 004253B61FE44E1B00F28931 /* AppDelegate.swift */; };
		004253B91FE44E1B00F28931 /* ViewController.swift in Sources */ = {isa = PBXBuildFile; fileRef = 004253B81FE44E1B00F28931 /* ViewController.swift */; };
		004253BC1FE44E1B00F28931 /* Main.storyboard in Resources */ = {isa = PBXBuildFile; fileRef = 004253BA1FE44E1B00F28931 /* Main.storyboard */; };
		004253BE1FE44E1B00F28931 /* Assets.xcassets in Resources */ = {isa = PBXBuildFile; fileRef = 004253BD1FE44E1B00F28931 /* Assets.xcassets */; };
		004253C11FE44E1B00F28931 /* LaunchScreen.storyboard in Resources */ = {isa = PBXBuildFile; fileRef = 004253BF1FE44E1B00F28931 /* LaunchScreen.storyboard */; };
		004253CC1FE44E1B00F28931 /* FNFATests.swift in Sources */ = {isa = PBXBuildFile; fileRef = 004253CB1FE44E1B00F28931 /* FNFATests.swift */; };
		004253D71FE44F0A00F28931 /* le_festival.storyboard in Resources */ = {isa = PBXBuildFile; fileRef = 004253D61FE44F0A00F28931 /* le_festival.storyboard */; };
		004253D91FE44F5100F28931 /* informations.storyboard in Resources */ = {isa = PBXBuildFile; fileRef = 004253D81FE44F5100F28931 /* informations.storyboard */; };
		004253DB1FE44FDC00F28931 /* ma_selection.storyboard in Resources */ = {isa = PBXBuildFile; fileRef = 004253DA1FE44FDC00F28931 /* ma_selection.storyboard */; };
		005BDDC6200402B8006DD218 /* loadJSON.swift in Sources */ = {isa = PBXBuildFile; fileRef = 005BDDC5200402B8006DD218 /* loadJSON.swift */; };
		005BDDCA2004053C006DD218 /* categories.json in Resources */ = {isa = PBXBuildFile; fileRef = 005BDDC72004053C006DD218 /* categories.json */; };
		005BDDCB2004053C006DD218 /* events.json in Resources */ = {isa = PBXBuildFile; fileRef = 005BDDC82004053C006DD218 /* events.json */; };
		005BDDCC2004053C006DD218 /* places.json in Resources */ = {isa = PBXBuildFile; fileRef = 005BDDC92004053C006DD218 /* places.json */; };
		005F15AE1FF6B7F5008AC7DC /* singleEvent.storyboard in Resources */ = {isa = PBXBuildFile; fileRef = 005F15AD1FF6B7F5008AC7DC /* singleEvent.storyboard */; };
		005F15B61FF7BAD8008AC7DC /* allEventsController.swift in Sources */ = {isa = PBXBuildFile; fileRef = 005F15B51FF7BAD8008AC7DC /* allEventsController.swift */; };
		0061FD7C1FFA860500B7FBFA /* ArticleTableViewCell.swift in Sources */ = {isa = PBXBuildFile; fileRef = 0061FD7B1FFA860500B7FBFA /* ArticleTableViewCell.swift */; };
		0072DB131FF01C3900C4F680 /* SingleEventViewController.swift in Sources */ = {isa = PBXBuildFile; fileRef = 0072DB121FF01C3900C4F680 /* SingleEventViewController.swift */; };
		0072DB151FF01DB800C4F680 /* EventsList.swift in Sources */ = {isa = PBXBuildFile; fileRef = 0072DB141FF01DB800C4F680 /* EventsList.swift */; };
		008BEF42200547C100F421FF /* dateFormatter.swift in Sources */ = {isa = PBXBuildFile; fileRef = 008BEF41200547C100F421FF /* dateFormatter.swift */; };
		00E8075B1FFBA8EA00A56AD8 /* FNFA.xcdatamodeld in Sources */ = {isa = PBXBuildFile; fileRef = 00E807591FFBA8EA00A56AD8 /* FNFA.xcdatamodeld */; };
		00E8075D1FFBA9BF00A56AD8 /* CoreDataHandler.swift in Sources */ = {isa = PBXBuildFile; fileRef = 00E8075C1FFBA9BF00A56AD8 /* CoreDataHandler.swift */; };
		00E807611FFBB67900A56AD8 /* FavoriteEventsViewController.swift in Sources */ = {isa = PBXBuildFile; fileRef = 00E807601FFBB67900A56AD8 /* FavoriteEventsViewController.swift */; };
		00E807631FFBEDC200A56AD8 /* FavoriteEventsTableViewCell.swift in Sources */ = {isa = PBXBuildFile; fileRef = 00E807621FFBEDC200A56AD8 /* FavoriteEventsTableViewCell.swift */; };
/* End PBXBuildFile section */

/* Begin PBXContainerItemProxy section */
		004253C81FE44E1B00F28931 /* PBXContainerItemProxy */ = {
			isa = PBXContainerItemProxy;
			containerPortal = 004253AB1FE44E1B00F28931 /* Project object */;
			proxyType = 1;
			remoteGlobalIDString = 004253B21FE44E1B00F28931;
			remoteInfo = FNFA;
		};
/* End PBXContainerItemProxy section */

/* Begin PBXFileReference section */
		0012649B1FEE90F7003B1981 /* voir_tout.storyboard */ = {isa = PBXFileReference; lastKnownFileType = file.storyboard; path = voir_tout.storyboard; sourceTree = "<group>"; };
		004253B31FE44E1B00F28931 /* FNFA.app */ = {isa = PBXFileReference; explicitFileType = wrapper.application; includeInIndex = 0; path = FNFA.app; sourceTree = BUILT_PRODUCTS_DIR; };
		004253B61FE44E1B00F28931 /* AppDelegate.swift */ = {isa = PBXFileReference; lastKnownFileType = sourcecode.swift; path = AppDelegate.swift; sourceTree = "<group>"; };
		004253B81FE44E1B00F28931 /* ViewController.swift */ = {isa = PBXFileReference; lastKnownFileType = sourcecode.swift; path = ViewController.swift; sourceTree = "<group>"; };
		004253BB1FE44E1B00F28931 /* Base */ = {isa = PBXFileReference; lastKnownFileType = file.storyboard; name = Base; path = Base.lproj/Main.storyboard; sourceTree = "<group>"; };
		004253BD1FE44E1B00F28931 /* Assets.xcassets */ = {isa = PBXFileReference; lastKnownFileType = folder.assetcatalog; path = Assets.xcassets; sourceTree = "<group>"; };
		004253C01FE44E1B00F28931 /* Base */ = {isa = PBXFileReference; lastKnownFileType = file.storyboard; name = Base; path = Base.lproj/LaunchScreen.storyboard; sourceTree = "<group>"; };
		004253C21FE44E1B00F28931 /* Info.plist */ = {isa = PBXFileReference; lastKnownFileType = text.plist.xml; path = Info.plist; sourceTree = "<group>"; };
		004253C71FE44E1B00F28931 /* FNFATests.xctest */ = {isa = PBXFileReference; explicitFileType = wrapper.cfbundle; includeInIndex = 0; path = FNFATests.xctest; sourceTree = BUILT_PRODUCTS_DIR; };
		004253CB1FE44E1B00F28931 /* FNFATests.swift */ = {isa = PBXFileReference; lastKnownFileType = sourcecode.swift; path = FNFATests.swift; sourceTree = "<group>"; };
		004253CD1FE44E1B00F28931 /* Info.plist */ = {isa = PBXFileReference; lastKnownFileType = text.plist.xml; path = Info.plist; sourceTree = "<group>"; };
		004253D61FE44F0A00F28931 /* le_festival.storyboard */ = {isa = PBXFileReference; lastKnownFileType = file.storyboard; path = le_festival.storyboard; sourceTree = "<group>"; };
		004253D81FE44F5100F28931 /* informations.storyboard */ = {isa = PBXFileReference; lastKnownFileType = file.storyboard; path = informations.storyboard; sourceTree = "<group>"; };
		004253DA1FE44FDC00F28931 /* ma_selection.storyboard */ = {isa = PBXFileReference; lastKnownFileType = file.storyboard; path = ma_selection.storyboard; sourceTree = "<group>"; };
		005BDDC5200402B8006DD218 /* loadJSON.swift */ = {isa = PBXFileReference; lastKnownFileType = sourcecode.swift; path = loadJSON.swift; sourceTree = "<group>"; };
		005BDDC72004053C006DD218 /* categories.json */ = {isa = PBXFileReference; fileEncoding = 4; lastKnownFileType = text.json; name = categories.json; path = "fnfa-dataset/categories.json"; sourceTree = SOURCE_ROOT; };
		005BDDC82004053C006DD218 /* events.json */ = {isa = PBXFileReference; fileEncoding = 4; lastKnownFileType = text.json; name = events.json; path = "fnfa-dataset/events.json"; sourceTree = SOURCE_ROOT; };
		005BDDC92004053C006DD218 /* places.json */ = {isa = PBXFileReference; fileEncoding = 4; lastKnownFileType = text.json; name = places.json; path = "fnfa-dataset/places.json"; sourceTree = SOURCE_ROOT; };
		005F15AD1FF6B7F5008AC7DC /* singleEvent.storyboard */ = {isa = PBXFileReference; lastKnownFileType = file.storyboard; path = singleEvent.storyboard; sourceTree = "<group>"; };
		005F15B51FF7BAD8008AC7DC /* allEventsController.swift */ = {isa = PBXFileReference; lastKnownFileType = sourcecode.swift; path = allEventsController.swift; sourceTree = "<group>"; };
		0061FD7B1FFA860500B7FBFA /* ArticleTableViewCell.swift */ = {isa = PBXFileReference; lastKnownFileType = sourcecode.swift; path = ArticleTableViewCell.swift; sourceTree = "<group>"; };
		0072DB121FF01C3900C4F680 /* SingleEventViewController.swift */ = {isa = PBXFileReference; lastKnownFileType = sourcecode.swift; path = SingleEventViewController.swift; sourceTree = "<group>"; };
		0072DB141FF01DB800C4F680 /* EventsList.swift */ = {isa = PBXFileReference; lastKnownFileType = sourcecode.swift; path = EventsList.swift; sourceTree = "<group>"; };
		008BEF41200547C100F421FF /* dateFormatter.swift */ = {isa = PBXFileReference; lastKnownFileType = sourcecode.swift; path = dateFormatter.swift; sourceTree = "<group>"; };
		00E8075A1FFBA8EA00A56AD8 /* FNFA.xcdatamodel */ = {isa = PBXFileReference; lastKnownFileType = wrapper.xcdatamodel; path = FNFA.xcdatamodel; sourceTree = "<group>"; };
		00E8075C1FFBA9BF00A56AD8 /* CoreDataHandler.swift */ = {isa = PBXFileReference; lastKnownFileType = sourcecode.swift; path = CoreDataHandler.swift; sourceTree = "<group>"; };
		00E807601FFBB67900A56AD8 /* FavoriteEventsViewController.swift */ = {isa = PBXFileReference; lastKnownFileType = sourcecode.swift; path = FavoriteEventsViewController.swift; sourceTree = "<group>"; };
		00E807621FFBEDC200A56AD8 /* FavoriteEventsTableViewCell.swift */ = {isa = PBXFileReference; lastKnownFileType = sourcecode.swift; path = FavoriteEventsTableViewCell.swift; sourceTree = "<group>"; };
/* End PBXFileReference section */

/* Begin PBXFrameworksBuildPhase section */
		004253B01FE44E1B00F28931 /* Frameworks */ = {
			isa = PBXFrameworksBuildPhase;
			buildActionMask = 2147483647;
			files = (
			);
			runOnlyForDeploymentPostprocessing = 0;
		};
		004253C41FE44E1B00F28931 /* Frameworks */ = {
			isa = PBXFrameworksBuildPhase;
			buildActionMask = 2147483647;
			files = (
			);
			runOnlyForDeploymentPostprocessing = 0;
		};
/* End PBXFrameworksBuildPhase section */

/* Begin PBXGroup section */
		004253AA1FE44E1B00F28931 = {
			isa = PBXGroup;
			children = (
				004253B51FE44E1B00F28931 /* FNFA */,
				004253CA1FE44E1B00F28931 /* FNFATests */,
				004253B41FE44E1B00F28931 /* Products */,
			);
			sourceTree = "<group>";
		};
		004253B41FE44E1B00F28931 /* Products */ = {
			isa = PBXGroup;
			children = (
				004253B31FE44E1B00F28931 /* FNFA.app */,
				004253C71FE44E1B00F28931 /* FNFATests.xctest */,
			);
			name = Products;
			sourceTree = "<group>";
		};
		004253B51FE44E1B00F28931 /* FNFA */ = {
			isa = PBXGroup;
			children = (
				004253B61FE44E1B00F28931 /* AppDelegate.swift */,
				004253B81FE44E1B00F28931 /* ViewController.swift */,
				00E8075C1FFBA9BF00A56AD8 /* CoreDataHandler.swift */,
				0072DB141FF01DB800C4F680 /* EventsList.swift */,
				005BDDC5200402B8006DD218 /* loadJSON.swift */,
				008BEF41200547C100F421FF /* dateFormatter.swift */,
				005F15B51FF7BAD8008AC7DC /* allEventsController.swift */,
				0061FD7B1FFA860500B7FBFA /* ArticleTableViewCell.swift */,
				00E807601FFBB67900A56AD8 /* FavoriteEventsViewController.swift */,
				00E807621FFBEDC200A56AD8 /* FavoriteEventsTableViewCell.swift */,
				0072DB121FF01C3900C4F680 /* SingleEventViewController.swift */,
				004253BA1FE44E1B00F28931 /* Main.storyboard */,
				004253D61FE44F0A00F28931 /* le_festival.storyboard */,
				004253D81FE44F5100F28931 /* informations.storyboard */,
				0012649B1FEE90F7003B1981 /* voir_tout.storyboard */,
				004253DA1FE44FDC00F28931 /* ma_selection.storyboard */,
				005F15AD1FF6B7F5008AC7DC /* singleEvent.storyboard */,
				004253BD1FE44E1B00F28931 /* Assets.xcassets */,
				004253BF1FE44E1B00F28931 /* LaunchScreen.storyboard */,
				005BDDC72004053C006DD218 /* categories.json */,
				005BDDC82004053C006DD218 /* events.json */,
				005BDDC92004053C006DD218 /* places.json */,
				004253C21FE44E1B00F28931 /* Info.plist */,
				00E807591FFBA8EA00A56AD8 /* FNFA.xcdatamodeld */,
			);
			path = FNFA;
			sourceTree = "<group>";
		};
		004253CA1FE44E1B00F28931 /* FNFATests */ = {
			isa = PBXGroup;
			children = (
				004253CB1FE44E1B00F28931 /* FNFATests.swift */,
				004253CD1FE44E1B00F28931 /* Info.plist */,
			);
			path = FNFATests;
			sourceTree = "<group>";
		};
/* End PBXGroup section */

/* Begin PBXNativeTarget section */
		004253B21FE44E1B00F28931 /* FNFA */ = {
			isa = PBXNativeTarget;
			buildConfigurationList = 004253D01FE44E1B00F28931 /* Build configuration list for PBXNativeTarget "FNFA" */;
			buildPhases = (
				004253AF1FE44E1B00F28931 /* Sources */,
				004253B01FE44E1B00F28931 /* Frameworks */,
				004253B11FE44E1B00F28931 /* Resources */,
			);
			buildRules = (
			);
			dependencies = (
			);
			name = FNFA;
			productName = FNFA;
			productReference = 004253B31FE44E1B00F28931 /* FNFA.app */;
			productType = "com.apple.product-type.application";
		};
		004253C61FE44E1B00F28931 /* FNFATests */ = {
			isa = PBXNativeTarget;
			buildConfigurationList = 004253D31FE44E1B00F28931 /* Build configuration list for PBXNativeTarget "FNFATests" */;
			buildPhases = (
				004253C31FE44E1B00F28931 /* Sources */,
				004253C41FE44E1B00F28931 /* Frameworks */,
				004253C51FE44E1B00F28931 /* Resources */,
			);
			buildRules = (
			);
			dependencies = (
				004253C91FE44E1B00F28931 /* PBXTargetDependency */,
			);
			name = FNFATests;
			productName = FNFATests;
			productReference = 004253C71FE44E1B00F28931 /* FNFATests.xctest */;
			productType = "com.apple.product-type.bundle.unit-test";
		};
/* End PBXNativeTarget section */

/* Begin PBXProject section */
		004253AB1FE44E1B00F28931 /* Project object */ = {
			isa = PBXProject;
			attributes = {
				LastSwiftUpdateCheck = 0910;
				LastUpgradeCheck = 0910;
				ORGANIZATIONNAME = "Robin Minervini";
				TargetAttributes = {
					004253B21FE44E1B00F28931 = {
						CreatedOnToolsVersion = 9.1;
						ProvisioningStyle = Automatic;
					};
					004253C61FE44E1B00F28931 = {
						CreatedOnToolsVersion = 9.1;
						ProvisioningStyle = Automatic;
						TestTargetID = 004253B21FE44E1B00F28931;
					};
				};
			};
			buildConfigurationList = 004253AE1FE44E1B00F28931 /* Build configuration list for PBXProject "FNFA" */;
			compatibilityVersion = "Xcode 8.0";
			developmentRegion = en;
			hasScannedForEncodings = 0;
			knownRegions = (
				en,
				Base,
			);
			mainGroup = 004253AA1FE44E1B00F28931;
			productRefGroup = 004253B41FE44E1B00F28931 /* Products */;
			projectDirPath = "";
			projectRoot = "";
			targets = (
				004253B21FE44E1B00F28931 /* FNFA */,
				004253C61FE44E1B00F28931 /* FNFATests */,
			);
		};
/* End PBXProject section */

/* Begin PBXResourcesBuildPhase section */
		004253B11FE44E1B00F28931 /* Resources */ = {
			isa = PBXResourcesBuildPhase;
			buildActionMask = 2147483647;
			files = (
				004253D91FE44F5100F28931 /* informations.storyboard in Resources */,
				005BDDCC2004053C006DD218 /* places.json in Resources */,
				005BDDCA2004053C006DD218 /* categories.json in Resources */,
				005BDDCB2004053C006DD218 /* events.json in Resources */,
				004253C11FE44E1B00F28931 /* LaunchScreen.storyboard in Resources */,
				004253BE1FE44E1B00F28931 /* Assets.xcassets in Resources */,
				004253BC1FE44E1B00F28931 /* Main.storyboard in Resources */,
				0012649C1FEE90F7003B1981 /* voir_tout.storyboard in Resources */,
				004253D71FE44F0A00F28931 /* le_festival.storyboard in Resources */,
				005F15AE1FF6B7F5008AC7DC /* singleEvent.storyboard in Resources */,
				004253DB1FE44FDC00F28931 /* ma_selection.storyboard in Resources */,
			);
			runOnlyForDeploymentPostprocessing = 0;
		};
		004253C51FE44E1B00F28931 /* Resources */ = {
			isa = PBXResourcesBuildPhase;
			buildActionMask = 2147483647;
			files = (
			);
			runOnlyForDeploymentPostprocessing = 0;
		};
/* End PBXResourcesBuildPhase section */

/* Begin PBXSourcesBuildPhase section */
		004253AF1FE44E1B00F28931 /* Sources */ = {
			isa = PBXSourcesBuildPhase;
			buildActionMask = 2147483647;
			files = (
				0072DB151FF01DB800C4F680 /* EventsList.swift in Sources */,
				00E8075D1FFBA9BF00A56AD8 /* CoreDataHandler.swift in Sources */,
				005F15B61FF7BAD8008AC7DC /* allEventsController.swift in Sources */,
				004253B91FE44E1B00F28931 /* ViewController.swift in Sources */,
				00E807611FFBB67900A56AD8 /* FavoriteEventsViewController.swift in Sources */,
				0072DB131FF01C3900C4F680 /* SingleEventViewController.swift in Sources */,
				00E8075B1FFBA8EA00A56AD8 /* FNFA.xcdatamodeld in Sources */,
				005BDDC6200402B8006DD218 /* loadJSON.swift in Sources */,
				008BEF42200547C100F421FF /* dateFormatter.swift in Sources */,
				0061FD7C1FFA860500B7FBFA /* ArticleTableViewCell.swift in Sources */,
				00E807631FFBEDC200A56AD8 /* FavoriteEventsTableViewCell.swift in Sources */,
				004253B71FE44E1B00F28931 /* AppDelegate.swift in Sources */,
			);
			runOnlyForDeploymentPostprocessing = 0;
		};
		004253C31FE44E1B00F28931 /* Sources */ = {
			isa = PBXSourcesBuildPhase;
			buildActionMask = 2147483647;
			files = (
				004253CC1FE44E1B00F28931 /* FNFATests.swift in Sources */,
			);
			runOnlyForDeploymentPostprocessing = 0;
		};
/* End PBXSourcesBuildPhase section */

/* Begin PBXTargetDependency section */
		004253C91FE44E1B00F28931 /* PBXTargetDependency */ = {
			isa = PBXTargetDependency;
			target = 004253B21FE44E1B00F28931 /* FNFA */;
			targetProxy = 004253C81FE44E1B00F28931 /* PBXContainerItemProxy */;
		};
/* End PBXTargetDependency section */

/* Begin PBXVariantGroup section */
		004253BA1FE44E1B00F28931 /* Main.storyboard */ = {
			isa = PBXVariantGroup;
			children = (
				004253BB1FE44E1B00F28931 /* Base */,
			);
			name = Main.storyboard;
			sourceTree = "<group>";
		};
		004253BF1FE44E1B00F28931 /* LaunchScreen.storyboard */ = {
			isa = PBXVariantGroup;
			children = (
				004253C01FE44E1B00F28931 /* Base */,
			);
			name = LaunchScreen.storyboard;
			sourceTree = "<group>";
		};
/* End PBXVariantGroup section */

/* Begin XCBuildConfiguration section */
		004253CE1FE44E1B00F28931 /* Debug */ = {
			isa = XCBuildConfiguration;
			buildSettings = {
				ALWAYS_SEARCH_USER_PATHS = NO;
				CLANG_ANALYZER_NONNULL = YES;
				CLANG_ANALYZER_NUMBER_OBJECT_CONVERSION = YES_AGGRESSIVE;
				CLANG_CXX_LANGUAGE_STANDARD = "gnu++14";
				CLANG_CXX_LIBRARY = "libc++";
				CLANG_ENABLE_MODULES = YES;
				CLANG_ENABLE_OBJC_ARC = YES;
				CLANG_WARN_BLOCK_CAPTURE_AUTORELEASING = YES;
				CLANG_WARN_BOOL_CONVERSION = YES;
				CLANG_WARN_COMMA = YES;
				CLANG_WARN_CONSTANT_CONVERSION = YES;
				CLANG_WARN_DIRECT_OBJC_ISA_USAGE = YES_ERROR;
				CLANG_WARN_DOCUMENTATION_COMMENTS = YES;
				CLANG_WARN_EMPTY_BODY = YES;
				CLANG_WARN_ENUM_CONVERSION = YES;
				CLANG_WARN_INFINITE_RECURSION = YES;
				CLANG_WARN_INT_CONVERSION = YES;
				CLANG_WARN_NON_LITERAL_NULL_CONVERSION = YES;
				CLANG_WARN_OBJC_LITERAL_CONVERSION = YES;
				CLANG_WARN_OBJC_ROOT_CLASS = YES_ERROR;
				CLANG_WARN_RANGE_LOOP_ANALYSIS = YES;
				CLANG_WARN_STRICT_PROTOTYPES = YES;
				CLANG_WARN_SUSPICIOUS_MOVE = YES;
				CLANG_WARN_UNGUARDED_AVAILABILITY = YES_AGGRESSIVE;
				CLANG_WARN_UNREACHABLE_CODE = YES;
				CLANG_WARN__DUPLICATE_METHOD_MATCH = YES;
				CODE_SIGN_IDENTITY = "iPhone Developer";
				COPY_PHASE_STRIP = NO;
				DEBUG_INFORMATION_FORMAT = dwarf;
				ENABLE_STRICT_OBJC_MSGSEND = YES;
				ENABLE_TESTABILITY = YES;
				GCC_C_LANGUAGE_STANDARD = gnu11;
				GCC_DYNAMIC_NO_PIC = NO;
				GCC_NO_COMMON_BLOCKS = YES;
				GCC_OPTIMIZATION_LEVEL = 0;
				GCC_PREPROCESSOR_DEFINITIONS = (
					"DEBUG=1",
					"$(inherited)",
				);
				GCC_WARN_64_TO_32_BIT_CONVERSION = YES;
				GCC_WARN_ABOUT_RETURN_TYPE = YES_ERROR;
				GCC_WARN_UNDECLARED_SELECTOR = YES;
				GCC_WARN_UNINITIALIZED_AUTOS = YES_AGGRESSIVE;
				GCC_WARN_UNUSED_FUNCTION = YES;
				GCC_WARN_UNUSED_VARIABLE = YES;
				IPHONEOS_DEPLOYMENT_TARGET = 11.1;
				MTL_ENABLE_DEBUG_INFO = YES;
				ONLY_ACTIVE_ARCH = YES;
				SDKROOT = iphoneos;
				SWIFT_ACTIVE_COMPILATION_CONDITIONS = DEBUG;
				SWIFT_OPTIMIZATION_LEVEL = "-Onone";
			};
			name = Debug;
		};
		004253CF1FE44E1B00F28931 /* Release */ = {
			isa = XCBuildConfiguration;
			buildSettings = {
				ALWAYS_SEARCH_USER_PATHS = NO;
				CLANG_ANALYZER_NONNULL = YES;
				CLANG_ANALYZER_NUMBER_OBJECT_CONVERSION = YES_AGGRESSIVE;
				CLANG_CXX_LANGUAGE_STANDARD = "gnu++14";
				CLANG_CXX_LIBRARY = "libc++";
				CLANG_ENABLE_MODULES = YES;
				CLANG_ENABLE_OBJC_ARC = YES;
				CLANG_WARN_BLOCK_CAPTURE_AUTORELEASING = YES;
				CLANG_WARN_BOOL_CONVERSION = YES;
				CLANG_WARN_COMMA = YES;
				CLANG_WARN_CONSTANT_CONVERSION = YES;
				CLANG_WARN_DIRECT_OBJC_ISA_USAGE = YES_ERROR;
				CLANG_WARN_DOCUMENTATION_COMMENTS = YES;
				CLANG_WARN_EMPTY_BODY = YES;
				CLANG_WARN_ENUM_CONVERSION = YES;
				CLANG_WARN_INFINITE_RECURSION = YES;
				CLANG_WARN_INT_CONVERSION = YES;
				CLANG_WARN_NON_LITERAL_NULL_CONVERSION = YES;
				CLANG_WARN_OBJC_LITERAL_CONVERSION = YES;
				CLANG_WARN_OBJC_ROOT_CLASS = YES_ERROR;
				CLANG_WARN_RANGE_LOOP_ANALYSIS = YES;
				CLANG_WARN_STRICT_PROTOTYPES = YES;
				CLANG_WARN_SUSPICIOUS_MOVE = YES;
				CLANG_WARN_UNGUARDED_AVAILABILITY = YES_AGGRESSIVE;
				CLANG_WARN_UNREACHABLE_CODE = YES;
				CLANG_WARN__DUPLICATE_METHOD_MATCH = YES;
				CODE_SIGN_IDENTITY = "iPhone Developer";
				COPY_PHASE_STRIP = NO;
				DEBUG_INFORMATION_FORMAT = "dwarf-with-dsym";
				ENABLE_NS_ASSERTIONS = NO;
				ENABLE_STRICT_OBJC_MSGSEND = YES;
				GCC_C_LANGUAGE_STANDARD = gnu11;
				GCC_NO_COMMON_BLOCKS = YES;
				GCC_WARN_64_TO_32_BIT_CONVERSION = YES;
				GCC_WARN_ABOUT_RETURN_TYPE = YES_ERROR;
				GCC_WARN_UNDECLARED_SELECTOR = YES;
				GCC_WARN_UNINITIALIZED_AUTOS = YES_AGGRESSIVE;
				GCC_WARN_UNUSED_FUNCTION = YES;
				GCC_WARN_UNUSED_VARIABLE = YES;
				IPHONEOS_DEPLOYMENT_TARGET = 11.1;
				MTL_ENABLE_DEBUG_INFO = NO;
				SDKROOT = iphoneos;
				SWIFT_OPTIMIZATION_LEVEL = "-Owholemodule";
				VALIDATE_PRODUCT = YES;
			};
			name = Release;
		};
		004253D11FE44E1B00F28931 /* Debug */ = {
			isa = XCBuildConfiguration;
			buildSettings = {
				ASSETCATALOG_COMPILER_APPICON_NAME = AppIcon;
				CODE_SIGN_STYLE = Automatic;
				INFOPLIST_FILE = FNFA/Info.plist;
				LD_RUNPATH_SEARCH_PATHS = "$(inherited) @executable_path/Frameworks";
				PRODUCT_BUNDLE_IDENTIFIER = com.gobelins.FNFA;
				PRODUCT_NAME = "$(TARGET_NAME)";
				SWIFT_VERSION = 4.0;
				TARGETED_DEVICE_FAMILY = "1,2";
			};
			name = Debug;
		};
		004253D21FE44E1B00F28931 /* Release */ = {
			isa = XCBuildConfiguration;
			buildSettings = {
				ASSETCATALOG_COMPILER_APPICON_NAME = AppIcon;
				CODE_SIGN_STYLE = Automatic;
				INFOPLIST_FILE = FNFA/Info.plist;
				LD_RUNPATH_SEARCH_PATHS = "$(inherited) @executable_path/Frameworks";
				PRODUCT_BUNDLE_IDENTIFIER = com.gobelins.FNFA;
				PRODUCT_NAME = "$(TARGET_NAME)";
				SWIFT_VERSION = 4.0;
				TARGETED_DEVICE_FAMILY = "1,2";
			};
			name = Release;
		};
		004253D41FE44E1B00F28931 /* Debug */ = {
			isa = XCBuildConfiguration;
			buildSettings = {
				ALWAYS_EMBED_SWIFT_STANDARD_LIBRARIES = YES;
				BUNDLE_LOADER = "$(TEST_HOST)";
				CODE_SIGN_STYLE = Automatic;
				INFOPLIST_FILE = FNFATests/Info.plist;
				LD_RUNPATH_SEARCH_PATHS = "$(inherited) @executable_path/Frameworks @loader_path/Frameworks";
				PRODUCT_BUNDLE_IDENTIFIER = com.gobelins.FNFATests;
				PRODUCT_NAME = "$(TARGET_NAME)";
				SWIFT_VERSION = 4.0;
				TARGETED_DEVICE_FAMILY = "1,2";
				TEST_HOST = "$(BUILT_PRODUCTS_DIR)/FNFA.app/FNFA";
			};
			name = Debug;
		};
		004253D51FE44E1B00F28931 /* Release */ = {
			isa = XCBuildConfiguration;
			buildSettings = {
				ALWAYS_EMBED_SWIFT_STANDARD_LIBRARIES = YES;
				BUNDLE_LOADER = "$(TEST_HOST)";
				CODE_SIGN_STYLE = Automatic;
				INFOPLIST_FILE = FNFATests/Info.plist;
				LD_RUNPATH_SEARCH_PATHS = "$(inherited) @executable_path/Frameworks @loader_path/Frameworks";
				PRODUCT_BUNDLE_IDENTIFIER = com.gobelins.FNFATests;
				PRODUCT_NAME = "$(TARGET_NAME)";
				SWIFT_VERSION = 4.0;
				TARGETED_DEVICE_FAMILY = "1,2";
				TEST_HOST = "$(BUILT_PRODUCTS_DIR)/FNFA.app/FNFA";
			};
			name = Release;
		};
/* End XCBuildConfiguration section */

/* Begin XCConfigurationList section */
		004253AE1FE44E1B00F28931 /* Build configuration list for PBXProject "FNFA" */ = {
			isa = XCConfigurationList;
			buildConfigurations = (
				004253CE1FE44E1B00F28931 /* Debug */,
				004253CF1FE44E1B00F28931 /* Release */,
			);
			defaultConfigurationIsVisible = 0;
			defaultConfigurationName = Release;
		};
		004253D01FE44E1B00F28931 /* Build configuration list for PBXNativeTarget "FNFA" */ = {
			isa = XCConfigurationList;
			buildConfigurations = (
				004253D11FE44E1B00F28931 /* Debug */,
				004253D21FE44E1B00F28931 /* Release */,
			);
			defaultConfigurationIsVisible = 0;
			defaultConfigurationName = Release;
		};
		004253D31FE44E1B00F28931 /* Build configuration list for PBXNativeTarget "FNFATests" */ = {
			isa = XCConfigurationList;
			buildConfigurations = (
				004253D41FE44E1B00F28931 /* Debug */,
				004253D51FE44E1B00F28931 /* Release */,
			);
			defaultConfigurationIsVisible = 0;
			defaultConfigurationName = Release;
		};
/* End XCConfigurationList section */

/* Begin XCVersionGroup section */
		00E807591FFBA8EA00A56AD8 /* FNFA.xcdatamodeld */ = {
			isa = XCVersionGroup;
			children = (
				00E8075A1FFBA8EA00A56AD8 /* FNFA.xcdatamodel */,
			);
			currentVersion = 00E8075A1FFBA8EA00A56AD8 /* FNFA.xcdatamodel */;
			path = FNFA.xcdatamodeld;
			sourceTree = "<group>";
			versionGroupType = wrapper.xcdatamodel;
		};
/* End XCVersionGroup section */
	};
	rootObject = 004253AB1FE44E1B00F28931 /* Project object */;
}
